{
  "nodes": {
    "gen-algebra": {
      "locked": {
        "lastModified": 1790449492,
        "narHash": "sha256-6S07wq+c7spKONfQACzmrY6qSRWDg4WhgJgP8WEqaB0=",
        "owner": "sini",
        "repo": "gen-algebra",
        "rev": "01591d636fe167cd4d9b091962fdf2703ebbdea2",
        "type": "github"
      },
      "original": {
        "owner": "sini",
        "repo": "gen-algebra",
        "type": "github"
      }
    },
    "gen-algebra_2": {
      "locked": {
        "lastModified": 1790449492,
        "narHash": "sha256-6S07wq+c7spKONfQACzmrY6qSRWDg4WhgJgP8WEqaB0=",
        "owner": "sini",
        "repo": "gen-algebra",
        "rev": "01591d636fe167cd4d9b091962fdf2703ebbdea2",
        "type": "github"
      },
      "original": {
        "owner": "sini",
        "repo": "gen-algebra",
        "type": "github"
      }
    },
    "gen-bind": {
      "inputs": {
        "gen-graph": "gen-graph",
        "gen-prelude": "gen-prelude"
      },
      "locked": {
        "lastModified": 1790463254,
        "narHash": "sha256-gg9BFJs9dw13PAP3EJXTNPPFqh1c4WwRsG2xBxtGgsM=",
        "owner": "sini",
        "repo": "gen-bind",
        "rev": "15111eb0423323102be30e93e9d261a5f173993b",
        "type": "github"
      },
      "original": {
        "owner": "sini",
        "repo": "gen-bind",
        "type": "github"
      }
    },
    "gen-graph": {
      "inputs": {
        "gen-prelude": [
          "gen-bind",
          "gen-prelude"
        ]
      },
      "locked": {
        "lastModified": 1790462875,
        "narHash": "sha256-/OoABXSBfj+YVuXWtRjdXTN9rluYxYltzyOzIlaNGSU=",
        "owner": "sini",
        "repo": "gen-graph",
        "rev": "e10c49df49f0e5fb2f35ad41825ca3d4550fa136",
        "type": "github"
      },
      "original": {
        "owner": "sini",
        "repo": "gen-graph",
        "type": "github"
      }
    },
    "gen-graph_2": {
      "inputs": {
        "gen-prelude": "gen-prelude_2"
      },
      "locked": {
        "lastModified": 1790462875,
        "narHash": "sha256-/OoABXSBfj+YVuXWtRjdXTN9rluYxYltzyOzIlaNGSU=",
        "owner": "sini",
        "repo": "gen-graph",
        "rev": "e10c49df49f0e5fb2f35ad41825ca3d4550fa136",
        "type": "github"
      },
      "original": {
        "owner": "sini",
        "repo": "gen-graph",
        "type": "github"
      }
    },
    "gen-graph_3": {
      "inputs": {
        "gen-prelude": [
          "gen-schema",
          "gen-prelude"
        ]
      },
      "locked": {
        "lastModified": 1790462875,
        "narHash": "sha256-/OoABXSBfj+YVuXWtRjdXTN9rluYxYltzyOzIlaNGSU=",
        "owner": "sini",
        "repo": "gen-graph",
        "rev": "e10c49df49f0e5fb2f35ad41825ca3d4550fa136",
        "type": "github"
      },
      "original": {
        "owner": "sini",
        "repo": "gen-graph",
        "type": "github"
      }
    },
    "gen-graph_4": {
      "inputs": {
        "gen-prelude": "gen-prelude_4"
      },
      "locked": {
        "lastModified": 1790462875,
        "narHash": "sha256-/OoABXSBfj+YVuXWtRjdXTN9rluYxYltzyOzIlaNGSU=",
        "owner": "sini",
        "repo": "gen-graph",
        "rev": "e10c49df49f0e5fb2f35ad41825ca3d4550fa136",
        "type": "github"
      },
      "original": {
        "owner": "sini",
        "repo": "gen-graph",
        "type": "github"
      }
    },
    "gen-graph_5": {
      "inputs": {
        "gen-prelude": "gen-prelude_7"
      },
      "locked": {
        "lastModified": 1790462875,
        "narHash": "sha256-/OoABXSBfj+YVuXWtRjdXTN9rluYxYltzyOzIlaNGSU=",
        "owner": "sini",
        "repo": "gen-graph",
        "rev": "e10c49df49f0e5fb2f35ad41825ca3d4550fa136",
        "type": "github"
      },
      "original": {
        "owner": "sini",
        "repo": "gen-graph",
        "type": "github"
      }
    },
    "gen-identity": {
      "locked": {
        "lastModified": 1790449460,
        "narHash": "sha256-nhX36cjRh9Qg9KHYS4T+RLUTfFbXu2MFlTUyDCqY5TM=",
        "owner": "sini",
        "repo": "gen-identity",
        "rev": "4745906b7177d1faebf8f8eedacdb7d15618eeb7",
        "type": "github"
      },
      "original": {
        "owner": "sini",
        "repo": "gen-identity",
        "type": "github"
      }
    },
    "gen-identity_2": {
      "locked": {
        "lastModified": 1790449460,
        "narHash": "sha256-nhX36cjRh9Qg9KHYS4T+RLUTfFbXu2MFlTUyDCqY5TM=",
        "owner": "sini",
        "repo": "gen-identity",
        "rev": "4745906b7177d1faebf8f8eedacdb7d15618eeb7",
        "type": "github"
      },
      "original": {
        "owner": "sini",
        "repo": "gen-identity",
        "type": "github"
      }
    },
    "gen-identity_3": {
      "locked": {
        "lastModified": 1790449460,
        "narHash": "sha256-nhX36cjRh9Qg9KHYS4T+RLUTfFbXu2MFlTUyDCqY5TM=",
        "owner": "sini",
        "repo": "gen-identity",
        "rev": "4745906b7177d1faebf8f8eedacdb7d15618eeb7",
        "type": "github"
      },
      "original": {
        "owner": "sini",
        "repo": "gen-identity",
        "type": "github"
      }
    },
    "gen-identity_4": {
      "locked": {
        "lastModified": 1790449460,
        "narHash": "sha256-nhX36cjRh9Qg9KHYS4T+RLUTfFbXu2MFlTUyDCqY5TM=",
        "owner": "sini",
        "repo": "gen-identity",
        "rev": "4745906b7177d1faebf8f8eedacdb7d15618eeb7",
        "type": "github"
      },
      "original": {
        "owner": "sini",
        "repo": "gen-identity",
        "type": "github"
      }
    },
    "gen-memo": {
      "inputs": {
        "gen-graph": "gen-graph_4",
        "gen-prelude": "gen-prelude_5"
      },
      "locked": {
        "lastModified": 1790463082,
        "narHash": "sha256-vDj/GaiPfg737PoJWXCeiRV7neSuircY1k3xz9tZ47A=",
        "owner": "sini",
        "repo": "gen-memo",
        "rev": "85aedffe78d48269828e0d754f3f25b316560500",
        "type": "github"
      },
      "original": {
        "owner": "sini",
        "repo": "gen-memo",
        "type": "github"
      }
    },
    "gen-merge": {
      "inputs": {
        "gen-memo": "gen-memo",
        "gen-prelude": "gen-prelude_6",
        "gen-scope": "gen-scope",
        "gen-types": "gen-types"
      },
      "locked": {
        "lastModified": 1790463122,
        "narHash": "sha256-P/05ET9NQsv/06nPwsCVopmmwIGCMgWb9iOpCyXBW80=",
        "owner": "sini",
        "repo": "gen-merge",
        "rev": "98035cfd05e048d7d3b03619d739e34681d601e9",
        "type": "github"
      },
      "original": {
        "owner": "sini",
        "repo": "gen-merge",
        "type": "github"
      }
    },
    "gen-prelude": {
      "locked": {
        "lastModified": 1790449471,
        "narHash": "sha256-luvwTAZSUP2uNakLhk55mRidVk6UZUyMLn1Di8oXxxo=",
        "owner": "sini",
        "repo": "gen-prelude",
        "rev": "317f97b341d0fbb734a5abfaa7ba8ea173744198",
        "type": "github"
      },
      "original": {
        "owner": "sini",
        "repo": "gen-prelude",
        "type": "github"
      }
    },
    "gen-prelude_10": {
      "locked": {
        "lastModified": 1790449471,
        "narHash": "sha256-luvwTAZSUP2uNakLhk55mRidVk6UZUyMLn1Di8oXxxo=",
        "owner": "sini",
        "repo": "gen-prelude",
        "rev": "317f97b341d0fbb734a5abfaa7ba8ea173744198",
        "type": "github"
      },
      "original": {
        "owner": "sini",
        "repo": "gen-prelude",
        "type": "github"
      }
    },
    "gen-prelude_11": {
      "locked": {
        "lastModified": 1790449471,
        "narHash": "sha256-luvwTAZSUP2uNakLhk55mRidVk6UZUyMLn1Di8oXxxo=",
        "owner": "sini",
        "repo": "gen-prelude",
        "rev": "317f97b341d0fbb734a5abfaa7ba8ea173744198",
        "type": "github"
      },
      "original": {
        "owner": "sini",
        "repo": "gen-prelude",
        "type": "github"
      }
    },
    "gen-prelude_2": {
      "locked": {
        "lastModified": 1790449471,
        "narHash": "sha256-luvwTAZSUP2uNakLhk55mRidVk6UZUyMLn1Di8oXxxo=",
        "owner": "sini",
        "repo": "gen-prelude",
        "rev": "317f97b341d0fbb734a5abfaa7ba8ea173744198",
        "type": "github"
      },
      "original": {
        "owner": "sini",
        "repo": "gen-prelude",
        "type": "github"
      }
    },
    "gen-prelude_3": {
      "locked": {
        "lastModified": 1790449471,
        "narHash": "sha256-luvwTAZSUP2uNakLhk55mRidVk6UZUyMLn1Di8oXxxo=",
        "owner": "sini",
        "repo": "gen-prelude",
        "rev": "317f97b341d0fbb734a5abfaa7ba8ea173744198",
        "type": "github"
      },
      "original": {
        "owner": "sini",
        "repo": "gen-prelude",
        "type": "github"
      }
    },
    "gen-prelude_4": {
      "locked": {
        "lastModified": 1790449471,
        "narHash": "sha256-luvwTAZSUP2uNakLhk55mRidVk6UZUyMLn1Di8oXxxo=",
        "owner": "sini",
        "repo": "gen-prelude",
        "rev": "317f97b341d0fbb734a5abfaa7ba8ea173744198",
        "type": "github"
      },
      "original": {
        "owner": "sini",
        "repo": "gen-prelude",
        "type": "github"
      }
    },
    "gen-prelude_5": {
      "locked": {
        "lastModified": 1790449471,
        "narHash": "sha256-luvwTAZSUP2uNakLhk55mRidVk6UZUyMLn1Di8oXxxo=",
        "owner": "sini",
        "repo": "gen-prelude",
        "rev": "317f97b341d0fbb734a5abfaa7ba8ea173744198",
        "type": "github"
      },
      "original": {
        "owner": "sini",
        "repo": "gen-prelude",
        "type": "github"
      }
    },
    "gen-prelude_6": {
      "locked": {
        "lastModified": 1790449471,
        "narHash": "sha256-luvwTAZSUP2uNakLhk55mRidVk6UZUyMLn1Di8oXxxo=",
        "owner": "sini",
        "repo": "gen-prelude",
        "rev": "317f97b341d0fbb734a5abfaa7ba8ea173744198",
        "type": "github"
      },
      "original": {
        "owner": "sini",
        "repo": "gen-prelude",
        "type": "github"
      }
    },
    "gen-prelude_7": {
      "locked": {
        "lastModified": 1790449471,
        "narHash": "sha256-luvwTAZSUP2uNakLhk55mRidVk6UZUyMLn1Di8oXxxo=",
        "owner": "sini",
        "repo": "gen-prelude",
        "rev": "317f97b341d0fbb734a5abfaa7ba8ea173744198",
        "type": "github"
      },
      "original": {
        "owner": "sini",
        "repo": "gen-prelude",
        "type": "github"
      }
    },
    "gen-prelude_8": {
      "locked": {
        "lastModified": 1790449471,
        "narHash": "sha256-luvwTAZSUP2uNakLhk55mRidVk6UZUyMLn1Di8oXxxo=",
        "owner": "sini",
        "repo": "gen-prelude",
        "rev": "317f97b341d0fbb734a5abfaa7ba8ea173744198",
        "type": "github"
      },
      "original": {
        "owner": "sini",
        "repo": "gen-prelude",
        "type": "github"
      }
    },
    "gen-prelude_9": {
      "locked": {
        "lastModified": 1790449471,
        "narHash": "sha256-luvwTAZSUP2uNakLhk55mRidVk6UZUyMLn1Di8oXxxo=",
        "owner": "sini",
        "repo": "gen-prelude",
        "rev": "317f97b341d0fbb734a5abfaa7ba8ea173744198",
        "type": "github"
      },
      "original": {
        "owner": "sini",
        "repo": "gen-prelude",
        "type": "github"
      }
    },
    "gen-schema": {
      "inputs": {
        "gen-algebra": "gen-algebra_2",
        "gen-graph": "gen-graph_3",
        "gen-identity": [
          "gen-identity"
        ],
        "gen-merge": "gen-merge",
        "gen-prelude": "gen-prelude_10"
      },
      "locked": {
        "lastModified": 1790463152,
        "narHash": "sha256-66YGQfJTHjtvGupEj7mtOt00CBXTjdIkLMlDJUUnscA=",
        "owner": "sini",
        "repo": "gen-schema",
        "rev": "3d84e22b8b1acd3cc6b71c0bbae1de2f0269f48b",
        "type": "github"
      },
      "original": {
        "owner": "sini",
        "repo": "gen-schema",
        "type": "github"
      }
    },
    "gen-scope": {
      "inputs": {
        "gen-graph": "gen-graph_5",
        "gen-identity": "gen-identity_2",
        "gen-prelude": "gen-prelude_8"
      },
      "locked": {
        "lastModified": 1790463054,
        "narHash": "sha256-RLEvJ9blDrj14KmVTb4e4CNmgGoyoHpugnfzZHqtPmM=",
        "owner": "sini",
        "repo": "gen-scope",
        "rev": "b96a0f3cf202363494973a3b5cafbd7e4019702d",
        "type": "github"
      },
      "original": {
        "owner": "sini",
        "repo": "gen-scope",
        "type": "github"
      }
    },
    "gen-types": {
      "inputs": {
        "gen-identity": "gen-identity_3",
        "gen-prelude": "gen-prelude_9"
      },
      "locked": {
        "lastModified": 1790449537,
        "narHash": "sha256-7SbDbqKbcHYXyfqxmkcMjOHv75spQhSiaKTIN/3pNDo=",
        "owner": "sini",
        "repo": "gen-types",
        "rev": "048dd55fbae2c820a16c348e25d311269d783f2a",
        "type": "github"
      },
      "original": {
        "owner": "sini",
        "repo": "gen-types",
        "type": "github"
      }
    },
    "gen-types_2": {
      "inputs": {
        "gen-identity": "gen-identity_4",
        "gen-prelude": "gen-prelude_11"
      },
      "locked": {
        "lastModified": 1790449537,
        "narHash": "sha256-7SbDbqKbcHYXyfqxmkcMjOHv75spQhSiaKTIN/3pNDo=",
        "owner": "sini",
        "repo": "gen-types",
        "rev": "048dd55fbae2c820a16c348e25d311269d783f2a",
        "type": "github"
      },
      "original": {
        "owner": "sini",
        "repo": "gen-types",
        "type": "github"
      }
    },
    "root": {
      "inputs": {
        "gen-algebra": "gen-algebra",
        "gen-bind": "gen-bind",
        "gen-graph": "gen-graph_2",
        "gen-identity": "gen-identity",
        "gen-prelude": "gen-prelude_3",
        "gen-schema": "gen-schema",
        "gen-types": "gen-types_2"
      }
    }
  },
  "root": "root",
  "version": 7
}
