{
  "nodes": {
    "gen-algebra": {
      "locked": {
        "lastModified": 1791070408,
        "narHash": "sha256-Fn/VNnA4BLEFoOQJJfzcK7fUGIS/kbbqcEbtnhJLjDo=",
        "owner": "sini",
        "repo": "gen-algebra",
        "rev": "b723dce610bc618b86253308af4138a58ec387ef",
        "type": "github"
      },
      "original": {
        "owner": "sini",
        "repo": "gen-algebra",
        "type": "github"
      }
    },
    "gen-algebra_2": {
      "locked": {
        "lastModified": 1791070408,
        "narHash": "sha256-Fn/VNnA4BLEFoOQJJfzcK7fUGIS/kbbqcEbtnhJLjDo=",
        "owner": "sini",
        "repo": "gen-algebra",
        "rev": "b723dce610bc618b86253308af4138a58ec387ef",
        "type": "github"
      },
      "original": {
        "owner": "sini",
        "repo": "gen-algebra",
        "type": "github"
      }
    },
    "gen-algebra_3": {
      "locked": {
        "lastModified": 1791070408,
        "narHash": "sha256-Fn/VNnA4BLEFoOQJJfzcK7fUGIS/kbbqcEbtnhJLjDo=",
        "owner": "sini",
        "repo": "gen-algebra",
        "rev": "b723dce610bc618b86253308af4138a58ec387ef",
        "type": "github"
      },
      "original": {
        "owner": "sini",
        "repo": "gen-algebra",
        "type": "github"
      }
    },
    "gen-algebra_4": {
      "locked": {
        "lastModified": 1791070408,
        "narHash": "sha256-Fn/VNnA4BLEFoOQJJfzcK7fUGIS/kbbqcEbtnhJLjDo=",
        "owner": "sini",
        "repo": "gen-algebra",
        "rev": "b723dce610bc618b86253308af4138a58ec387ef",
        "type": "github"
      },
      "original": {
        "owner": "sini",
        "repo": "gen-algebra",
        "type": "github"
      }
    },
    "gen-bind": {
      "inputs": {
        "gen-algebra": [
          "gen-algebra"
        ],
        "gen-graph": "gen-graph",
        "gen-prelude": "gen-prelude"
      },
      "locked": {
        "lastModified": 1791071324,
        "narHash": "sha256-X0nfwUCbri0zGc0QhZsyA2an4E1Owd4t+6O2Lb++JN0=",
        "owner": "sini",
        "repo": "gen-bind",
        "rev": "bc90bf32375257c13a3f4b7dec73396ce43974dd",
        "type": "github"
      },
      "original": {
        "owner": "sini",
        "repo": "gen-bind",
        "type": "github"
      }
    },
    "gen-graph": {
      "inputs": {
        "gen-prelude": [
          "gen-bind",
          "gen-prelude"
        ]
      },
      "locked": {
        "lastModified": 1791070429,
        "narHash": "sha256-8+M+hJBRJS+qbNjju1hE2vuvEhRZZVkSmEA5EqNdj90=",
        "owner": "sini",
        "repo": "gen-graph",
        "rev": "4649d8390bfe997012d0e0df99290b480f262e11",
        "type": "github"
      },
      "original": {
        "owner": "sini",
        "repo": "gen-graph",
        "type": "github"
      }
    },
    "gen-graph_2": {
      "inputs": {
        "gen-prelude": "gen-prelude_2"
      },
      "locked": {
        "lastModified": 1791070429,
        "narHash": "sha256-8+M+hJBRJS+qbNjju1hE2vuvEhRZZVkSmEA5EqNdj90=",
        "owner": "sini",
        "repo": "gen-graph",
        "rev": "4649d8390bfe997012d0e0df99290b480f262e11",
        "type": "github"
      },
      "original": {
        "owner": "sini",
        "repo": "gen-graph",
        "type": "github"
      }
    },
    "gen-graph_3": {
      "inputs": {
        "gen-prelude": [
          "gen-schema",
          "gen-prelude"
        ]
      },
      "locked": {
        "lastModified": 1791070429,
        "narHash": "sha256-8+M+hJBRJS+qbNjju1hE2vuvEhRZZVkSmEA5EqNdj90=",
        "owner": "sini",
        "repo": "gen-graph",
        "rev": "4649d8390bfe997012d0e0df99290b480f262e11",
        "type": "github"
      },
      "original": {
        "owner": "sini",
        "repo": "gen-graph",
        "type": "github"
      }
    },
    "gen-graph_4": {
      "inputs": {
        "gen-prelude": "gen-prelude_4"
      },
      "locked": {
        "lastModified": 1791070429,
        "narHash": "sha256-8+M+hJBRJS+qbNjju1hE2vuvEhRZZVkSmEA5EqNdj90=",
        "owner": "sini",
        "repo": "gen-graph",
        "rev": "4649d8390bfe997012d0e0df99290b480f262e11",
        "type": "github"
      },
      "original": {
        "owner": "sini",
        "repo": "gen-graph",
        "type": "github"
      }
    },
    "gen-graph_5": {
      "inputs": {
        "gen-prelude": "gen-prelude_7"
      },
      "locked": {
        "lastModified": 1791070429,
        "narHash": "sha256-8+M+hJBRJS+qbNjju1hE2vuvEhRZZVkSmEA5EqNdj90=",
        "owner": "sini",
        "repo": "gen-graph",
        "rev": "4649d8390bfe997012d0e0df99290b480f262e11",
        "type": "github"
      },
      "original": {
        "owner": "sini",
        "repo": "gen-graph",
        "type": "github"
      }
    },
    "gen-identity": {
      "locked": {
        "lastModified": 1791070343,
        "narHash": "sha256-nUhbGtYT3HXtY7E7xppcFN0d2qOH9WvaYEkytBn6E04=",
        "owner": "sini",
        "repo": "gen-identity",
        "rev": "b94563b8c4cdf900952b3828f668fd4759d095ff",
        "type": "github"
      },
      "original": {
        "owner": "sini",
        "repo": "gen-identity",
        "type": "github"
      }
    },
    "gen-identity_2": {
      "locked": {
        "lastModified": 1791070343,
        "narHash": "sha256-nUhbGtYT3HXtY7E7xppcFN0d2qOH9WvaYEkytBn6E04=",
        "owner": "sini",
        "repo": "gen-identity",
        "rev": "b94563b8c4cdf900952b3828f668fd4759d095ff",
        "type": "github"
      },
      "original": {
        "owner": "sini",
        "repo": "gen-identity",
        "type": "github"
      }
    },
    "gen-identity_3": {
      "locked": {
        "lastModified": 1791070343,
        "narHash": "sha256-nUhbGtYT3HXtY7E7xppcFN0d2qOH9WvaYEkytBn6E04=",
        "owner": "sini",
        "repo": "gen-identity",
        "rev": "b94563b8c4cdf900952b3828f668fd4759d095ff",
        "type": "github"
      },
      "original": {
        "owner": "sini",
        "repo": "gen-identity",
        "type": "github"
      }
    },
    "gen-identity_4": {
      "locked": {
        "lastModified": 1791070343,
        "narHash": "sha256-nUhbGtYT3HXtY7E7xppcFN0d2qOH9WvaYEkytBn6E04=",
        "owner": "sini",
        "repo": "gen-identity",
        "rev": "b94563b8c4cdf900952b3828f668fd4759d095ff",
        "type": "github"
      },
      "original": {
        "owner": "sini",
        "repo": "gen-identity",
        "type": "github"
      }
    },
    "gen-memo": {
      "inputs": {
        "gen-graph": "gen-graph_4",
        "gen-prelude": "gen-prelude_5"
      },
      "locked": {
        "lastModified": 1791070698,
        "narHash": "sha256-Egey5gOKqpC7cg0b4y0aPt9BxZ3TyfhCB8CHtzbJXi8=",
        "owner": "sini",
        "repo": "gen-memo",
        "rev": "7320ce9a70e82640cd4a345b125bfd7cd5fc92ab",
        "type": "github"
      },
      "original": {
        "owner": "sini",
        "repo": "gen-memo",
        "type": "github"
      }
    },
    "gen-merge": {
      "inputs": {
        "gen-memo": "gen-memo",
        "gen-prelude": "gen-prelude_6",
        "gen-scope": "gen-scope",
        "gen-types": "gen-types"
      },
      "locked": {
        "lastModified": 1791070852,
        "narHash": "sha256-0gsZi+ZOJJbOfnh9SpSrPsXr12Fg8hMB5UtrWQ0wOVo=",
        "owner": "sini",
        "repo": "gen-merge",
        "rev": "d9576a9c747673dc9bbdc6c935815f88184d19bf",
        "type": "github"
      },
      "original": {
        "owner": "sini",
        "repo": "gen-merge",
        "type": "github"
      }
    },
    "gen-prelude": {
      "locked": {
        "lastModified": 1791070343,
        "narHash": "sha256-6SwoktjHG0kFXqVFYjdsP6h9m0Pj9PRcU+A5JieAFtY=",
        "owner": "sini",
        "repo": "gen-prelude",
        "rev": "40e305c3e2281327a8d28325854982658040ba36",
        "type": "github"
      },
      "original": {
        "owner": "sini",
        "repo": "gen-prelude",
        "type": "github"
      }
    },
    "gen-prelude_10": {
      "locked": {
        "lastModified": 1791070343,
        "narHash": "sha256-6SwoktjHG0kFXqVFYjdsP6h9m0Pj9PRcU+A5JieAFtY=",
        "owner": "sini",
        "repo": "gen-prelude",
        "rev": "40e305c3e2281327a8d28325854982658040ba36",
        "type": "github"
      },
      "original": {
        "owner": "sini",
        "repo": "gen-prelude",
        "type": "github"
      }
    },
    "gen-prelude_11": {
      "locked": {
        "lastModified": 1791070343,
        "narHash": "sha256-6SwoktjHG0kFXqVFYjdsP6h9m0Pj9PRcU+A5JieAFtY=",
        "owner": "sini",
        "repo": "gen-prelude",
        "rev": "40e305c3e2281327a8d28325854982658040ba36",
        "type": "github"
      },
      "original": {
        "owner": "sini",
        "repo": "gen-prelude",
        "type": "github"
      }
    },
    "gen-prelude_2": {
      "locked": {
        "lastModified": 1791070343,
        "narHash": "sha256-6SwoktjHG0kFXqVFYjdsP6h9m0Pj9PRcU+A5JieAFtY=",
        "owner": "sini",
        "repo": "gen-prelude",
        "rev": "40e305c3e2281327a8d28325854982658040ba36",
        "type": "github"
      },
      "original": {
        "owner": "sini",
        "repo": "gen-prelude",
        "type": "github"
      }
    },
    "gen-prelude_3": {
      "locked": {
        "lastModified": 1791070343,
        "narHash": "sha256-6SwoktjHG0kFXqVFYjdsP6h9m0Pj9PRcU+A5JieAFtY=",
        "owner": "sini",
        "repo": "gen-prelude",
        "rev": "40e305c3e2281327a8d28325854982658040ba36",
        "type": "github"
      },
      "original": {
        "owner": "sini",
        "repo": "gen-prelude",
        "type": "github"
      }
    },
    "gen-prelude_4": {
      "locked": {
        "lastModified": 1791070343,
        "narHash": "sha256-6SwoktjHG0kFXqVFYjdsP6h9m0Pj9PRcU+A5JieAFtY=",
        "owner": "sini",
        "repo": "gen-prelude",
        "rev": "40e305c3e2281327a8d28325854982658040ba36",
        "type": "github"
      },
      "original": {
        "owner": "sini",
        "repo": "gen-prelude",
        "type": "github"
      }
    },
    "gen-prelude_5": {
      "locked": {
        "lastModified": 1791070343,
        "narHash": "sha256-6SwoktjHG0kFXqVFYjdsP6h9m0Pj9PRcU+A5JieAFtY=",
        "owner": "sini",
        "repo": "gen-prelude",
        "rev": "40e305c3e2281327a8d28325854982658040ba36",
        "type": "github"
      },
      "original": {
        "owner": "sini",
        "repo": "gen-prelude",
        "type": "github"
      }
    },
    "gen-prelude_6": {
      "locked": {
        "lastModified": 1791070343,
        "narHash": "sha256-6SwoktjHG0kFXqVFYjdsP6h9m0Pj9PRcU+A5JieAFtY=",
        "owner": "sini",
        "repo": "gen-prelude",
        "rev": "40e305c3e2281327a8d28325854982658040ba36",
        "type": "github"
      },
      "original": {
        "owner": "sini",
        "repo": "gen-prelude",
        "type": "github"
      }
    },
    "gen-prelude_7": {
      "locked": {
        "lastModified": 1791070343,
        "narHash": "sha256-6SwoktjHG0kFXqVFYjdsP6h9m0Pj9PRcU+A5JieAFtY=",
        "owner": "sini",
        "repo": "gen-prelude",
        "rev": "40e305c3e2281327a8d28325854982658040ba36",
        "type": "github"
      },
      "original": {
        "owner": "sini",
        "repo": "gen-prelude",
        "type": "github"
      }
    },
    "gen-prelude_8": {
      "locked": {
        "lastModified": 1791070343,
        "narHash": "sha256-6SwoktjHG0kFXqVFYjdsP6h9m0Pj9PRcU+A5JieAFtY=",
        "owner": "sini",
        "repo": "gen-prelude",
        "rev": "40e305c3e2281327a8d28325854982658040ba36",
        "type": "github"
      },
      "original": {
        "owner": "sini",
        "repo": "gen-prelude",
        "type": "github"
      }
    },
    "gen-prelude_9": {
      "locked": {
        "lastModified": 1791070343,
        "narHash": "sha256-6SwoktjHG0kFXqVFYjdsP6h9m0Pj9PRcU+A5JieAFtY=",
        "owner": "sini",
        "repo": "gen-prelude",
        "rev": "40e305c3e2281327a8d28325854982658040ba36",
        "type": "github"
      },
      "original": {
        "owner": "sini",
        "repo": "gen-prelude",
        "type": "github"
      }
    },
    "gen-schema": {
      "inputs": {
        "gen-algebra": "gen-algebra_2",
        "gen-graph": "gen-graph_3",
        "gen-identity": [
          "gen-identity"
        ],
        "gen-merge": "gen-merge",
        "gen-prelude": "gen-prelude_10"
      },
      "locked": {
        "lastModified": 1791070993,
        "narHash": "sha256-97RM2lqKel1XwKUxThoa8+ezpKURKB7JvxndBH/pUkE=",
        "owner": "sini",
        "repo": "gen-schema",
        "rev": "873cc3240f788fb1b80d0e6b4b65b9add2db23ca",
        "type": "github"
      },
      "original": {
        "owner": "sini",
        "repo": "gen-schema",
        "type": "github"
      }
    },
    "gen-scope": {
      "inputs": {
        "gen-graph": "gen-graph_5",
        "gen-identity": "gen-identity_2",
        "gen-prelude": "gen-prelude_8"
      },
      "locked": {
        "lastModified": 1791070589,
        "narHash": "sha256-0E96f2x4qcnkB0e0CfVRBkzA89HepgqiofVIrxdhxbw=",
        "owner": "sini",
        "repo": "gen-scope",
        "rev": "7ab60effe41353a4a37f0592265d8ba5cc3ba275",
        "type": "github"
      },
      "original": {
        "owner": "sini",
        "repo": "gen-scope",
        "type": "github"
      }
    },
    "gen-types": {
      "inputs": {
        "gen-algebra": "gen-algebra_3",
        "gen-identity": "gen-identity_3",
        "gen-prelude": "gen-prelude_9"
      },
      "locked": {
        "lastModified": 1791070489,
        "narHash": "sha256-yeoXhmoo0oj9yj2qszuqxpHJXJy6iNAgUe4dYZ3EsDA=",
        "owner": "sini",
        "repo": "gen-types",
        "rev": "7838f477a0ba46809dc55accc5d9f58a2e3d1a7e",
        "type": "github"
      },
      "original": {
        "owner": "sini",
        "repo": "gen-types",
        "type": "github"
      }
    },
    "gen-types_2": {
      "inputs": {
        "gen-algebra": "gen-algebra_4",
        "gen-identity": "gen-identity_4",
        "gen-prelude": "gen-prelude_11"
      },
      "locked": {
        "lastModified": 1791070489,
        "narHash": "sha256-yeoXhmoo0oj9yj2qszuqxpHJXJy6iNAgUe4dYZ3EsDA=",
        "owner": "sini",
        "repo": "gen-types",
        "rev": "7838f477a0ba46809dc55accc5d9f58a2e3d1a7e",
        "type": "github"
      },
      "original": {
        "owner": "sini",
        "repo": "gen-types",
        "type": "github"
      }
    },
    "root": {
      "inputs": {
        "gen-algebra": "gen-algebra",
        "gen-bind": "gen-bind",
        "gen-graph": "gen-graph_2",
        "gen-identity": "gen-identity",
        "gen-prelude": "gen-prelude_3",
        "gen-schema": "gen-schema",
        "gen-types": "gen-types_2"
      }
    }
  },
  "root": "root",
  "version": 7
}
