{
  "nodes": {
    "gen-algebra": {
      "locked": {
        "lastModified": 1789519078,
        "narHash": "sha256-vopFC31vovIwcaROpcxMsOZ5vdW94ngfL6KDVzcybBU=",
        "owner": "sini",
        "repo": "gen-algebra",
        "rev": "60c138fc035f6db57d0e7c50990224aad5553824",
        "type": "github"
      },
      "original": {
        "owner": "sini",
        "repo": "gen-algebra",
        "type": "github"
      }
    },
    "gen-algebra_2": {
      "locked": {
        "lastModified": 1782521734,
        "narHash": "sha256-BU6HndNta7WDB51AKjBFYNOxFhp5rJPOumjMkQVKzSM=",
        "owner": "sini",
        "repo": "gen-algebra",
        "rev": "aaffd3f073715bd4ac47d3f78123a9882a328bfa",
        "type": "github"
      },
      "original": {
        "owner": "sini",
        "repo": "gen-algebra",
        "type": "github"
      }
    },
    "gen-bind": {
      "inputs": {
        "gen-graph": "gen-graph",
        "gen-prelude": "gen-prelude"
      },
      "locked": {
        "lastModified": 1789560874,
        "narHash": "sha256-g7WXpedTei3uaTFXbnw4pAXyO8kJ13P29TV6U5pOSGU=",
        "owner": "sini",
        "repo": "gen-bind",
        "rev": "27860c870ccbe6a69a72b9cf3bc1f9ee9a4e6843",
        "type": "github"
      },
      "original": {
        "owner": "sini",
        "repo": "gen-bind",
        "type": "github"
      }
    },
    "gen-graph": {
      "inputs": {
        "gen-prelude": [
          "gen-bind",
          "gen-prelude"
        ]
      },
      "locked": {
        "lastModified": 1789489741,
        "narHash": "sha256-7u3cxVKTc5JIs3e45KwqaVxZKfpH1xsTa+7uFinwuHw=",
        "owner": "sini",
        "repo": "gen-graph",
        "rev": "019e34f410fc49af254ceced7e01ade74f29a6e7",
        "type": "github"
      },
      "original": {
        "owner": "sini",
        "repo": "gen-graph",
        "type": "github"
      }
    },
    "gen-graph_2": {
      "inputs": {
        "gen-prelude": "gen-prelude_2"
      },
      "locked": {
        "lastModified": 1789489741,
        "narHash": "sha256-7u3cxVKTc5JIs3e45KwqaVxZKfpH1xsTa+7uFinwuHw=",
        "owner": "sini",
        "repo": "gen-graph",
        "rev": "019e34f410fc49af254ceced7e01ade74f29a6e7",
        "type": "github"
      },
      "original": {
        "owner": "sini",
        "repo": "gen-graph",
        "type": "github"
      }
    },
    "gen-identity": {
      "locked": {
        "lastModified": 1789489877,
        "narHash": "sha256-Gf2ZkdgAb7zYH38tgi/XMuzmt5Ais1xcL2RTlf63PK0=",
        "owner": "sini",
        "repo": "gen-identity",
        "rev": "0865432c5f0faf8fb1df1381e814d87c3f77161d",
        "type": "github"
      },
      "original": {
        "owner": "sini",
        "repo": "gen-identity",
        "type": "github"
      }
    },
    "gen-identity_2": {
      "locked": {
        "lastModified": 1787250593,
        "narHash": "sha256-VTDCwpcG2K3V/fuzV02rrPlzaMASniSop/FyRZJ98WU=",
        "owner": "sini",
        "repo": "gen-identity",
        "rev": "f27de8cedbfc34d8458642495cdf1e83febfd7ab",
        "type": "github"
      },
      "original": {
        "owner": "sini",
        "repo": "gen-identity",
        "type": "github"
      }
    },
    "gen-merge": {
      "inputs": {
        "gen-prelude": "gen-prelude_4",
        "gen-types": "gen-types"
      },
      "locked": {
        "lastModified": 1785125468,
        "narHash": "sha256-jFzay+MpGCJspBbLYTYCNCeyWmnR5+la4Y6yG2t2jo8=",
        "owner": "sini",
        "repo": "gen-merge",
        "rev": "2a33f81444e7ccf686484d6e157048133a73cc50",
        "type": "github"
      },
      "original": {
        "owner": "sini",
        "repo": "gen-merge",
        "type": "github"
      }
    },
    "gen-prelude": {
      "locked": {
        "lastModified": 1782849654,
        "narHash": "sha256-RuSmZU9Sny31YFYfPkagesMDKqGgkQQoNrm4O5Imw2c=",
        "owner": "sini",
        "repo": "gen-prelude",
        "rev": "9e3f4c947c76a11ffec04e020ac7e2a3fe306c47",
        "type": "github"
      },
      "original": {
        "owner": "sini",
        "repo": "gen-prelude",
        "type": "github"
      }
    },
    "gen-prelude_2": {
      "locked": {
        "lastModified": 1786595333,
        "narHash": "sha256-9loi/kuvayA/3jM9oiCV9amCIksxO1SivXEhWnKLBLg=",
        "owner": "sini",
        "repo": "gen-prelude",
        "rev": "57881cb5236bb3fd6be81a728e3274e4e60f754c",
        "type": "github"
      },
      "original": {
        "owner": "sini",
        "repo": "gen-prelude",
        "type": "github"
      }
    },
    "gen-prelude_3": {
      "locked": {
        "lastModified": 1789489886,
        "narHash": "sha256-0tvv/pOGzxSnfcICG8UKHq4MdHDpl18MCNVYnDwKJtY=",
        "owner": "sini",
        "repo": "gen-prelude",
        "rev": "f7b0957001fa03a652419614da780998ba233f7f",
        "type": "github"
      },
      "original": {
        "owner": "sini",
        "repo": "gen-prelude",
        "type": "github"
      }
    },
    "gen-prelude_4": {
      "locked": {
        "lastModified": 1783016618,
        "narHash": "sha256-J08Ao7Gr5M3cHwHJ1jGeKXjKK2AGol5PuWid8VhqMT4=",
        "owner": "sini",
        "repo": "gen-prelude",
        "rev": "62c2500777dc6854b3777d47303d0858ce0f1bb1",
        "type": "github"
      },
      "original": {
        "owner": "sini",
        "repo": "gen-prelude",
        "type": "github"
      }
    },
    "gen-prelude_5": {
      "locked": {
        "lastModified": 1783016618,
        "narHash": "sha256-J08Ao7Gr5M3cHwHJ1jGeKXjKK2AGol5PuWid8VhqMT4=",
        "owner": "sini",
        "repo": "gen-prelude",
        "rev": "62c2500777dc6854b3777d47303d0858ce0f1bb1",
        "type": "github"
      },
      "original": {
        "owner": "sini",
        "repo": "gen-prelude",
        "type": "github"
      }
    },
    "gen-prelude_6": {
      "locked": {
        "lastModified": 1783016618,
        "narHash": "sha256-J08Ao7Gr5M3cHwHJ1jGeKXjKK2AGol5PuWid8VhqMT4=",
        "owner": "sini",
        "repo": "gen-prelude",
        "rev": "62c2500777dc6854b3777d47303d0858ce0f1bb1",
        "type": "github"
      },
      "original": {
        "owner": "sini",
        "repo": "gen-prelude",
        "type": "github"
      }
    },
    "gen-prelude_7": {
      "locked": {
        "lastModified": 1783016618,
        "narHash": "sha256-J08Ao7Gr5M3cHwHJ1jGeKXjKK2AGol5PuWid8VhqMT4=",
        "owner": "sini",
        "repo": "gen-prelude",
        "rev": "62c2500777dc6854b3777d47303d0858ce0f1bb1",
        "type": "github"
      },
      "original": {
        "owner": "sini",
        "repo": "gen-prelude",
        "type": "github"
      }
    },
    "gen-schema": {
      "inputs": {
        "gen-algebra": "gen-algebra_2",
        "gen-identity": [
          "gen-identity"
        ],
        "gen-merge": "gen-merge",
        "gen-prelude": "gen-prelude_6"
      },
      "locked": {
        "lastModified": 1789584028,
        "narHash": "sha256-6mqfqf21Z0LDC9TkuY5d7B2cRqxfgjI2lBrRwlNINis=",
        "owner": "sini",
        "repo": "gen-schema",
        "rev": "fbf7e666387066500cba990e9b2b3b4d3c33dc37",
        "type": "github"
      },
      "original": {
        "owner": "sini",
        "repo": "gen-schema",
        "type": "github"
      }
    },
    "gen-types": {
      "inputs": {
        "gen-prelude": "gen-prelude_5"
      },
      "locked": {
        "lastModified": 1783025858,
        "narHash": "sha256-2n4u0VYxvV5deZ3/NTYoFUAjsZOL3os7OLdWQN/3cYU=",
        "owner": "sini",
        "repo": "gen-types",
        "rev": "887ad871d13f3baeb168a8cb5503b39737fe947b",
        "type": "github"
      },
      "original": {
        "owner": "sini",
        "repo": "gen-types",
        "type": "github"
      }
    },
    "gen-types_2": {
      "inputs": {
        "gen-identity": "gen-identity_2",
        "gen-prelude": "gen-prelude_7"
      },
      "locked": {
        "lastModified": 1789474172,
        "narHash": "sha256-OtjUKph/V1LpMmm5gq5WeYwjTY8xa0q7qKqhyciMP3E=",
        "owner": "sini",
        "repo": "gen-types",
        "rev": "3636db0d56c3fd02fc215eb357b919edf44bb794",
        "type": "github"
      },
      "original": {
        "owner": "sini",
        "repo": "gen-types",
        "type": "github"
      }
    },
    "root": {
      "inputs": {
        "gen-algebra": "gen-algebra",
        "gen-bind": "gen-bind",
        "gen-graph": "gen-graph_2",
        "gen-identity": "gen-identity",
        "gen-prelude": "gen-prelude_3",
        "gen-schema": "gen-schema",
        "gen-types": "gen-types_2"
      }
    }
  },
  "root": "root",
  "version": 7
}
