{
  "nodes": {
    "devshell": {
      "inputs": {
        "nixpkgs": [
          "gen-harness",
          "nixpkgs"
        ]
      },
      "locked": {
        "lastModified": 1788342953,
        "narHash": "sha256-EWkNM4JzBhZ/Yn1PG6lP4/QJuFAFeHYlY5gVxXu940Y=",
        "owner": "numtide",
        "repo": "devshell",
        "rev": "a67c0f87b63bcbdbdcb56785bec0205a2e3d6026",
        "type": "github"
      },
      "original": {
        "owner": "numtide",
        "repo": "devshell",
        "type": "github"
      }
    },
    "flake-compat": {
      "flake": false,
      "locked": {
        "lastModified": 1767039857,
        "narHash": "sha256-vNpUSpF5Nuw8xvDLj2KCwwksIbjua2LZCqhV1LNRDns=",
        "owner": "NixOS",
        "repo": "flake-compat",
        "rev": "5edf11c44bc78a0d334f6334cdaf7d60d732daab",
        "type": "github"
      },
      "original": {
        "owner": "NixOS",
        "repo": "flake-compat",
        "type": "github"
      }
    },
    "flake-parts": {
      "inputs": {
        "nixpkgs-lib": "nixpkgs-lib"
      },
      "locked": {
        "lastModified": 1788450739,
        "narHash": "sha256-glZLQlzIn1fXH6PazR2iUmTo7kzzyYSshrWhLS9TqCU=",
        "owner": "hercules-ci",
        "repo": "flake-parts",
        "rev": "31729ca8cbdb4fa927b34e5f4353e6a83f39e993",
        "type": "github"
      },
      "original": {
        "owner": "hercules-ci",
        "repo": "flake-parts",
        "type": "github"
      }
    },
    "flake-root": {
      "locked": {
        "lastModified": 1723604017,
        "narHash": "sha256-rBtQ8gg+Dn4Sx/s+pvjdq3CB2wQNzx9XGFq/JVGCB6k=",
        "owner": "srid",
        "repo": "flake-root",
        "rev": "b759a56851e10cb13f6b8e5698af7b59c44be26e",
        "type": "github"
      },
      "original": {
        "owner": "srid",
        "repo": "flake-root",
        "type": "github"
      }
    },
    "gen-algebra": {
      "locked": {
        "lastModified": 1790570467,
        "narHash": "sha256-yxwhew83Gxi12mUnzf0ZRVSCckI4V+/Fhu9OmKsES4w=",
        "owner": "sini",
        "repo": "gen-algebra",
        "rev": "ada9fca7730a2182bfe1790f4b6952a17f9ce864",
        "type": "github"
      },
      "original": {
        "owner": "sini",
        "repo": "gen-algebra",
        "type": "github"
      }
    },
    "gen-algebra_2": {
      "locked": {
        "lastModified": 1790570467,
        "narHash": "sha256-yxwhew83Gxi12mUnzf0ZRVSCckI4V+/Fhu9OmKsES4w=",
        "owner": "sini",
        "repo": "gen-algebra",
        "rev": "ada9fca7730a2182bfe1790f4b6952a17f9ce864",
        "type": "github"
      },
      "original": {
        "owner": "sini",
        "repo": "gen-algebra",
        "type": "github"
      }
    },
    "gen-bind": {
      "inputs": {
        "gen-graph": "gen-graph",
        "gen-prelude": "gen-prelude"
      },
      "locked": {
        "lastModified": 1790570648,
        "narHash": "sha256-82U01FpkoY2GpeCbrYtGX3nWUEvHuCzRXogeJ0/KU+E=",
        "owner": "sini",
        "repo": "gen-bind",
        "rev": "c26ce51aca9bd613a4176ab78da20d30f9f90535",
        "type": "github"
      },
      "original": {
        "owner": "sini",
        "repo": "gen-bind",
        "type": "github"
      }
    },
    "gen-graph": {
      "inputs": {
        "gen-prelude": [
          "gen-bind",
          "gen-prelude"
        ]
      },
      "locked": {
        "lastModified": 1790570477,
        "narHash": "sha256-jaQUdqFAb9FgR/Z1KVzWuOZ5tQg0FXZZvNtH8v3wEdU=",
        "owner": "sini",
        "repo": "gen-graph",
        "rev": "5fb2271e2b939e5178cd088c751acbfa9b372750",
        "type": "github"
      },
      "original": {
        "owner": "sini",
        "repo": "gen-graph",
        "type": "github"
      }
    },
    "gen-graph_2": {
      "inputs": {
        "gen-prelude": "gen-prelude_2"
      },
      "locked": {
        "lastModified": 1790570477,
        "narHash": "sha256-jaQUdqFAb9FgR/Z1KVzWuOZ5tQg0FXZZvNtH8v3wEdU=",
        "owner": "sini",
        "repo": "gen-graph",
        "rev": "5fb2271e2b939e5178cd088c751acbfa9b372750",
        "type": "github"
      },
      "original": {
        "owner": "sini",
        "repo": "gen-graph",
        "type": "github"
      }
    },
    "gen-graph_3": {
      "inputs": {
        "gen-prelude": [
          "gen-schema",
          "gen-prelude"
        ]
      },
      "locked": {
        "lastModified": 1790570477,
        "narHash": "sha256-jaQUdqFAb9FgR/Z1KVzWuOZ5tQg0FXZZvNtH8v3wEdU=",
        "owner": "sini",
        "repo": "gen-graph",
        "rev": "5fb2271e2b939e5178cd088c751acbfa9b372750",
        "type": "github"
      },
      "original": {
        "owner": "sini",
        "repo": "gen-graph",
        "type": "github"
      }
    },
    "gen-graph_4": {
      "inputs": {
        "gen-prelude": "gen-prelude_4"
      },
      "locked": {
        "lastModified": 1790570477,
        "narHash": "sha256-jaQUdqFAb9FgR/Z1KVzWuOZ5tQg0FXZZvNtH8v3wEdU=",
        "owner": "sini",
        "repo": "gen-graph",
        "rev": "5fb2271e2b939e5178cd088c751acbfa9b372750",
        "type": "github"
      },
      "original": {
        "owner": "sini",
        "repo": "gen-graph",
        "type": "github"
      }
    },
    "gen-graph_5": {
      "inputs": {
        "gen-prelude": "gen-prelude_7"
      },
      "locked": {
        "lastModified": 1790570477,
        "narHash": "sha256-jaQUdqFAb9FgR/Z1KVzWuOZ5tQg0FXZZvNtH8v3wEdU=",
        "owner": "sini",
        "repo": "gen-graph",
        "rev": "5fb2271e2b939e5178cd088c751acbfa9b372750",
        "type": "github"
      },
      "original": {
        "owner": "sini",
        "repo": "gen-graph",
        "type": "github"
      }
    },
    "gen-harness": {
      "inputs": {
        "devshell": "devshell",
        "flake-parts": "flake-parts",
        "flake-root": "flake-root",
        "git-hooks-nix": "git-hooks-nix",
        "import-tree": "import-tree",
        "nix-unit": "nix-unit",
        "nixpkgs": "nixpkgs",
        "treefmt-nix": "treefmt-nix_2"
      },
      "locked": {
        "lastModified": 1790567701,
        "narHash": "sha256-KtA6YRAOIeoDpIZeB4Ob+kaRfXZ3u/kfw25orUbWDtw=",
        "owner": "sini",
        "repo": "gen-harness",
        "rev": "aceade3faf7ec80d80215a9f8eade9cdbc601d0b",
        "type": "github"
      },
      "original": {
        "owner": "sini",
        "repo": "gen-harness",
        "type": "github"
      }
    },
    "gen-identity": {
      "locked": {
        "lastModified": 1790570451,
        "narHash": "sha256-tYqjrGSGw2GQEyS+fToM9tPJfgl0/WjSM3HYBq/H9/Y=",
        "owner": "sini",
        "repo": "gen-identity",
        "rev": "c1577cb102a87e3e812bb035319777e13f4f54c9",
        "type": "github"
      },
      "original": {
        "owner": "sini",
        "repo": "gen-identity",
        "type": "github"
      }
    },
    "gen-identity_2": {
      "locked": {
        "lastModified": 1790570451,
        "narHash": "sha256-tYqjrGSGw2GQEyS+fToM9tPJfgl0/WjSM3HYBq/H9/Y=",
        "owner": "sini",
        "repo": "gen-identity",
        "rev": "c1577cb102a87e3e812bb035319777e13f4f54c9",
        "type": "github"
      },
      "original": {
        "owner": "sini",
        "repo": "gen-identity",
        "type": "github"
      }
    },
    "gen-identity_3": {
      "locked": {
        "lastModified": 1790570451,
        "narHash": "sha256-tYqjrGSGw2GQEyS+fToM9tPJfgl0/WjSM3HYBq/H9/Y=",
        "owner": "sini",
        "repo": "gen-identity",
        "rev": "c1577cb102a87e3e812bb035319777e13f4f54c9",
        "type": "github"
      },
      "original": {
        "owner": "sini",
        "repo": "gen-identity",
        "type": "github"
      }
    },
    "gen-identity_4": {
      "locked": {
        "lastModified": 1790570451,
        "narHash": "sha256-tYqjrGSGw2GQEyS+fToM9tPJfgl0/WjSM3HYBq/H9/Y=",
        "owner": "sini",
        "repo": "gen-identity",
        "rev": "c1577cb102a87e3e812bb035319777e13f4f54c9",
        "type": "github"
      },
      "original": {
        "owner": "sini",
        "repo": "gen-identity",
        "type": "github"
      }
    },
    "gen-memo": {
      "inputs": {
        "gen-graph": "gen-graph_4",
        "gen-prelude": "gen-prelude_5"
      },
      "locked": {
        "lastModified": 1790570518,
        "narHash": "sha256-gPKlSjOaa/qnv8MHOK8V+ZbHgpbLLL/l9jtaiTfpkNg=",
        "owner": "sini",
        "repo": "gen-memo",
        "rev": "f7d8402eb025fc6d0c94459c55b4bd22e95d18de",
        "type": "github"
      },
      "original": {
        "owner": "sini",
        "repo": "gen-memo",
        "type": "github"
      }
    },
    "gen-merge": {
      "inputs": {
        "gen-memo": "gen-memo",
        "gen-prelude": "gen-prelude_6",
        "gen-scope": "gen-scope",
        "gen-types": "gen-types"
      },
      "locked": {
        "lastModified": 1790570553,
        "narHash": "sha256-dUVhckhwMsepPKE7Iam4YwTpCgcPkiS0pw+Npoy416M=",
        "owner": "sini",
        "repo": "gen-merge",
        "rev": "087aec39c42bf3d8b33adfd338d8b95793de1923",
        "type": "github"
      },
      "original": {
        "owner": "sini",
        "repo": "gen-merge",
        "type": "github"
      }
    },
    "gen-prelude": {
      "locked": {
        "lastModified": 1790570447,
        "narHash": "sha256-ioXBqw7bxt70efO9lw+ZPccnVnJA64mWSboyweogdpc=",
        "owner": "sini",
        "repo": "gen-prelude",
        "rev": "6487a87dff979ca192cc0a63d5bc0f3b3d454fc7",
        "type": "github"
      },
      "original": {
        "owner": "sini",
        "repo": "gen-prelude",
        "type": "github"
      }
    },
    "gen-prelude_10": {
      "locked": {
        "lastModified": 1790570447,
        "narHash": "sha256-ioXBqw7bxt70efO9lw+ZPccnVnJA64mWSboyweogdpc=",
        "owner": "sini",
        "repo": "gen-prelude",
        "rev": "6487a87dff979ca192cc0a63d5bc0f3b3d454fc7",
        "type": "github"
      },
      "original": {
        "owner": "sini",
        "repo": "gen-prelude",
        "type": "github"
      }
    },
    "gen-prelude_11": {
      "locked": {
        "lastModified": 1790570447,
        "narHash": "sha256-ioXBqw7bxt70efO9lw+ZPccnVnJA64mWSboyweogdpc=",
        "owner": "sini",
        "repo": "gen-prelude",
        "rev": "6487a87dff979ca192cc0a63d5bc0f3b3d454fc7",
        "type": "github"
      },
      "original": {
        "owner": "sini",
        "repo": "gen-prelude",
        "type": "github"
      }
    },
    "gen-prelude_2": {
      "locked": {
        "lastModified": 1790570447,
        "narHash": "sha256-ioXBqw7bxt70efO9lw+ZPccnVnJA64mWSboyweogdpc=",
        "owner": "sini",
        "repo": "gen-prelude",
        "rev": "6487a87dff979ca192cc0a63d5bc0f3b3d454fc7",
        "type": "github"
      },
      "original": {
        "owner": "sini",
        "repo": "gen-prelude",
        "type": "github"
      }
    },
    "gen-prelude_3": {
      "locked": {
        "lastModified": 1790570447,
        "narHash": "sha256-ioXBqw7bxt70efO9lw+ZPccnVnJA64mWSboyweogdpc=",
        "owner": "sini",
        "repo": "gen-prelude",
        "rev": "6487a87dff979ca192cc0a63d5bc0f3b3d454fc7",
        "type": "github"
      },
      "original": {
        "owner": "sini",
        "repo": "gen-prelude",
        "type": "github"
      }
    },
    "gen-prelude_4": {
      "locked": {
        "lastModified": 1790570447,
        "narHash": "sha256-ioXBqw7bxt70efO9lw+ZPccnVnJA64mWSboyweogdpc=",
        "owner": "sini",
        "repo": "gen-prelude",
        "rev": "6487a87dff979ca192cc0a63d5bc0f3b3d454fc7",
        "type": "github"
      },
      "original": {
        "owner": "sini",
        "repo": "gen-prelude",
        "type": "github"
      }
    },
    "gen-prelude_5": {
      "locked": {
        "lastModified": 1790570447,
        "narHash": "sha256-ioXBqw7bxt70efO9lw+ZPccnVnJA64mWSboyweogdpc=",
        "owner": "sini",
        "repo": "gen-prelude",
        "rev": "6487a87dff979ca192cc0a63d5bc0f3b3d454fc7",
        "type": "github"
      },
      "original": {
        "owner": "sini",
        "repo": "gen-prelude",
        "type": "github"
      }
    },
    "gen-prelude_6": {
      "locked": {
        "lastModified": 1790570447,
        "narHash": "sha256-ioXBqw7bxt70efO9lw+ZPccnVnJA64mWSboyweogdpc=",
        "owner": "sini",
        "repo": "gen-prelude",
        "rev": "6487a87dff979ca192cc0a63d5bc0f3b3d454fc7",
        "type": "github"
      },
      "original": {
        "owner": "sini",
        "repo": "gen-prelude",
        "type": "github"
      }
    },
    "gen-prelude_7": {
      "locked": {
        "lastModified": 1790570447,
        "narHash": "sha256-ioXBqw7bxt70efO9lw+ZPccnVnJA64mWSboyweogdpc=",
        "owner": "sini",
        "repo": "gen-prelude",
        "rev": "6487a87dff979ca192cc0a63d5bc0f3b3d454fc7",
        "type": "github"
      },
      "original": {
        "owner": "sini",
        "repo": "gen-prelude",
        "type": "github"
      }
    },
    "gen-prelude_8": {
      "locked": {
        "lastModified": 1790570447,
        "narHash": "sha256-ioXBqw7bxt70efO9lw+ZPccnVnJA64mWSboyweogdpc=",
        "owner": "sini",
        "repo": "gen-prelude",
        "rev": "6487a87dff979ca192cc0a63d5bc0f3b3d454fc7",
        "type": "github"
      },
      "original": {
        "owner": "sini",
        "repo": "gen-prelude",
        "type": "github"
      }
    },
    "gen-prelude_9": {
      "locked": {
        "lastModified": 1790570447,
        "narHash": "sha256-ioXBqw7bxt70efO9lw+ZPccnVnJA64mWSboyweogdpc=",
        "owner": "sini",
        "repo": "gen-prelude",
        "rev": "6487a87dff979ca192cc0a63d5bc0f3b3d454fc7",
        "type": "github"
      },
      "original": {
        "owner": "sini",
        "repo": "gen-prelude",
        "type": "github"
      }
    },
    "gen-schema": {
      "inputs": {
        "gen-algebra": "gen-algebra_2",
        "gen-graph": "gen-graph_3",
        "gen-identity": [
          "gen-identity"
        ],
        "gen-merge": "gen-merge",
        "gen-prelude": "gen-prelude_10"
      },
      "locked": {
        "lastModified": 1790570577,
        "narHash": "sha256-qGgR0MQIAyYz/ZSfcxU2ozm4kZnD2KPz8ck0zUPA8cE=",
        "owner": "sini",
        "repo": "gen-schema",
        "rev": "3c6b891fbb8a5bc78c93cb34d010969099e85f1f",
        "type": "github"
      },
      "original": {
        "owner": "sini",
        "repo": "gen-schema",
        "type": "github"
      }
    },
    "gen-scope": {
      "inputs": {
        "gen-graph": "gen-graph_5",
        "gen-identity": "gen-identity_2",
        "gen-prelude": "gen-prelude_8"
      },
      "locked": {
        "lastModified": 1790570500,
        "narHash": "sha256-9VPanoWNj+hIypVTLUp2/dmM57rP4U/vw0n2VPcTgMM=",
        "owner": "sini",
        "repo": "gen-scope",
        "rev": "011c3940226ced85ab1b177691799a2789967104",
        "type": "github"
      },
      "original": {
        "owner": "sini",
        "repo": "gen-scope",
        "type": "github"
      }
    },
    "gen-scope_2": {
      "inputs": {
        "gen-graph": [
          "gen-graph"
        ],
        "gen-identity": [
          "gen-identity"
        ],
        "gen-prelude": [
          "gen-prelude"
        ]
      },
      "locked": {
        "lastModified": 1790570500,
        "narHash": "sha256-9VPanoWNj+hIypVTLUp2/dmM57rP4U/vw0n2VPcTgMM=",
        "owner": "sini",
        "repo": "gen-scope",
        "rev": "011c3940226ced85ab1b177691799a2789967104",
        "type": "github"
      },
      "original": {
        "owner": "sini",
        "repo": "gen-scope",
        "type": "github"
      }
    },
    "gen-types": {
      "inputs": {
        "gen-identity": "gen-identity_3",
        "gen-prelude": "gen-prelude_9"
      },
      "locked": {
        "lastModified": 1790570474,
        "narHash": "sha256-68exlAc+9Mm2wVUS01VxatFyri4AVBh+ANWYqZMHjaQ=",
        "owner": "sini",
        "repo": "gen-types",
        "rev": "8310f614ddd106c5eafdf057f4d66bfe18390f9a",
        "type": "github"
      },
      "original": {
        "owner": "sini",
        "repo": "gen-types",
        "type": "github"
      }
    },
    "gen-types_2": {
      "inputs": {
        "gen-identity": "gen-identity_4",
        "gen-prelude": "gen-prelude_11"
      },
      "locked": {
        "lastModified": 1790570474,
        "narHash": "sha256-68exlAc+9Mm2wVUS01VxatFyri4AVBh+ANWYqZMHjaQ=",
        "owner": "sini",
        "repo": "gen-types",
        "rev": "8310f614ddd106c5eafdf057f4d66bfe18390f9a",
        "type": "github"
      },
      "original": {
        "owner": "sini",
        "repo": "gen-types",
        "type": "github"
      }
    },
    "git-hooks-nix": {
      "inputs": {
        "flake-compat": "flake-compat",
        "nixpkgs": [
          "gen-harness",
          "nixpkgs"
        ]
      },
      "locked": {
        "lastModified": 1789514889,
        "narHash": "sha256-PFD1nxptCXJyJoiYO1gf/5Vv43yqGpHtMC6LUhl9/pQ=",
        "owner": "cachix",
        "repo": "git-hooks.nix",
        "rev": "59f4ca0d063a1a3ec722c88b51a33004862e5379",
        "type": "github"
      },
      "original": {
        "owner": "cachix",
        "repo": "git-hooks.nix",
        "type": "github"
      }
    },
    "import-tree": {
      "locked": {
        "lastModified": 1783029876,
        "narHash": "sha256-iI88R3wHz8wTKQb5orvpc51L/Xr64AJyxid/0MKa/b8=",
        "owner": "denful",
        "repo": "import-tree",
        "rev": "a164a12202f58eb67559bd33b5592f20660d9baf",
        "type": "github"
      },
      "original": {
        "owner": "denful",
        "repo": "import-tree",
        "rev": "a164a12202f58eb67559bd33b5592f20660d9baf",
        "type": "github"
      }
    },
    "nix-github-actions": {
      "inputs": {
        "nixpkgs": [
          "gen-harness",
          "nix-unit",
          "nixpkgs"
        ]
      },
      "locked": {
        "lastModified": 1737420293,
        "narHash": "sha256-F1G5ifvqTpJq7fdkT34e/Jy9VCyzd5XfJ9TO8fHhJWE=",
        "owner": "nix-community",
        "repo": "nix-github-actions",
        "rev": "f4158fa080ef4503c8f4c820967d946c2af31ec9",
        "type": "github"
      },
      "original": {
        "owner": "nix-community",
        "repo": "nix-github-actions",
        "type": "github"
      }
    },
    "nix-unit": {
      "inputs": {
        "nix-github-actions": "nix-github-actions",
        "nixpkgs": [
          "gen-harness",
          "nixpkgs"
        ],
        "treefmt-nix": "treefmt-nix"
      },
      "locked": {
        "lastModified": 1784925540,
        "narHash": "sha256-11IOL5tyJbB3vMQzzhIULuPtoHJpkLFz4BaKApm6t0Q=",
        "owner": "nix-community",
        "repo": "nix-unit",
        "rev": "b3d16367c54621fd073aa8c1dd510042f771f624",
        "type": "github"
      },
      "original": {
        "owner": "nix-community",
        "repo": "nix-unit",
        "type": "github"
      }
    },
    "nixpkgs": {
      "locked": {
        "lastModified": 1789684949,
        "narHash": "sha256-TAKa57gfBM/9a4IZrFaIQZhnHs9mXIFPlZbYrvhnaMY=",
        "rev": "e554fab72f81915600f3f449b786fd9af40439a5",
        "type": "tarball",
        "url": "https://releases.nixos.org/nixos/unstable/nixos-26.11pre1075591.e554fab72f81/nixexprs.tar.xz"
      },
      "original": {
        "type": "tarball",
        "url": "https://channels.nixos.org/nixos-unstable/nixexprs.tar.xz"
      }
    },
    "nixpkgs-lib": {
      "locked": {
        "lastModified": 1788057806,
        "narHash": "sha256-DTQSMxzDWmT0zhguthvegnVkn7CFqGCv4IHCzk5ZUpM=",
        "owner": "nix-community",
        "repo": "nixpkgs.lib",
        "rev": "596e2e3940e09b2abbeb03f75fa1828c57fcd72c",
        "type": "github"
      },
      "original": {
        "owner": "nix-community",
        "repo": "nixpkgs.lib",
        "type": "github"
      }
    },
    "nixpkgs_2": {
      "locked": {
        "lastModified": 1790463110,
        "narHash": "sha256-VZHcT2wKLkApBCACQ2SH4P1jVZUbbOA7jWAGi1MIViw=",
        "rev": "e158d9ed9b51c98974c5e66e1ba1c9e0255fecaa",
        "type": "tarball",
        "url": "https://releases.nixos.org/nixos/unstable/nixos-26.11pre1080189.e158d9ed9b51/nixexprs.tar.xz"
      },
      "original": {
        "type": "tarball",
        "url": "https://channels.nixos.org/nixos-unstable/nixexprs.tar.xz"
      }
    },
    "root": {
      "inputs": {
        "gen-algebra": "gen-algebra",
        "gen-bind": "gen-bind",
        "gen-graph": "gen-graph_2",
        "gen-harness": "gen-harness",
        "gen-identity": "gen-identity",
        "gen-prelude": "gen-prelude_3",
        "gen-schema": "gen-schema",
        "gen-scope": "gen-scope_2",
        "gen-types": "gen-types_2",
        "nixpkgs": "nixpkgs_2"
      }
    },
    "treefmt-nix": {
      "inputs": {
        "nixpkgs": [
          "gen-harness",
          "nix-unit",
          "nixpkgs"
        ]
      },
      "locked": {
        "lastModified": 1784369104,
        "narHash": "sha256-47cxbcZODibHv3rELFQ9vZly0vUNkND/atn/U7HLeb0=",
        "owner": "numtide",
        "repo": "treefmt-nix",
        "rev": "df3c0640565d04a0261253cdd89fce78ec50168a",
        "type": "github"
      },
      "original": {
        "owner": "numtide",
        "repo": "treefmt-nix",
        "type": "github"
      }
    },
    "treefmt-nix_2": {
      "inputs": {
        "nixpkgs": [
          "gen-harness",
          "nixpkgs"
        ]
      },
      "locked": {
        "lastModified": 1786901030,
        "narHash": "sha256-WSFCsDSE5ffgD2MqzkM2CYjeFiKhRF/dJUN8uedb6YE=",
        "owner": "numtide",
        "repo": "treefmt-nix",
        "rev": "27b3b12a8e6375f28ebe122f07d230ca5459bbfa",
        "type": "github"
      },
      "original": {
        "owner": "numtide",
        "repo": "treefmt-nix",
        "type": "github"
      }
    }
  },
  "root": "root",
  "version": 7
}
